
Microsoft Visual Studio Solution File, Format Version 12.00
# Visual Studio Version 17
VisualStudioVersion = 17.9.34728.123
MinimumVisualStudioVersion = 10.0.40219.1
Project("{FAE04EC0-301F-11D3-BF4B-00C04F79EFBC}") = "Hm1", "Hm1\Hm1.csproj", "{0C036F68-7727-4000-A21C-06820C7399ED}"
EndProject
Global
	GlobalSection(SolutionConfigurationPlatforms) = preSolution
		Debug|Any CPU = Debug|Any CPU
		Release|Any CPU = Release|Any CPU
	EndGlobalSection
	GlobalSection(ProjectConfigurationPlatforms) = postSolution
		{0C036F68-7727-4000-A21C-06820C7399ED}.Debug|Any CPU.ActiveCfg = Debug|Any CPU
		{0C036F68-7727-4000-A21C-06820C7399ED}.Debug|Any CPU.Build.0 = Debug|Any CPU
		{0C036F68-7727-4000-A21C-06820C7399ED}.Release|Any CPU.ActiveCfg = Release|Any CPU
		{0C036F68-7727-4000-A21C-06820C7399ED}.Release|Any CPU.Build.0 = Release|Any CPU
	EndGlobalSection
	GlobalSection(SolutionProperties) = preSolution
		HideSolutionNode = FALSE
	EndGlobalSection
	GlobalSection(ExtensibilityGlobals) = postSolution
		SolutionGuid = {39B12412-980E-4528-A1E5-6A11A6BA1E4C}
	EndGlobalSection
EndGlobal
